
Microsoft Visual Studio Solution File, Format Version 12.00
# Visual Studio 15
VisualStudioVersion = 15.0.27004.2005
MinimumVisualStudioVersion = 10.0.40219.1
Project("{FAE04EC0-301F-11D3-BF4B-00C04F79EFBC}") = "FolderSync", "FolderSync\FolderSync.csproj", "{6FA7EBD3-6941-4D2E-99B3-A600D10A0685}"
EndProject
Global
	GlobalSection(SolutionConfigurationPlatforms) = preSolution
		Debug|Any CPU = Debug|Any CPU
		Release|Any CPU = Release|Any CPU
	EndGlobalSection
	GlobalSection(ProjectConfigurationPlatforms) = postSolution
		{6FA7EBD3-6941-4D2E-99B3-A600D10A0685}.Debug|Any CPU.ActiveCfg = Debug|Any CPU
		{6FA7EBD3-6941-4D2E-99B3-A600D10A0685}.Debug|Any CPU.Build.0 = Debug|Any CPU
		{6FA7EBD3-6941-4D2E-99B3-A600D10A0685}.Release|Any CPU.ActiveCfg = Release|Any CPU
		{6FA7EBD3-6941-4D2E-99B3-A600D10A0685}.Release|Any CPU.Build.0 = Release|Any CPU
	EndGlobalSection
	GlobalSection(SolutionProperties) = preSolution
		HideSolutionNode = FALSE
	EndGlobalSection
	GlobalSection(ExtensibilityGlobals) = postSolution
		SolutionGuid = {0727BEC6-6166-466C-8061-4759DF6A5B96}
	EndGlobalSection
EndGlobal
